
Microsoft Visual Studio Solution File, Format Version 12.00
# Visual Studio 15
VisualStudioVersion = 15.0.26730.15
MinimumVisualStudioVersion = 10.0.40219.1
Project("{9A19103F-16F7-4668-BE54-9A1E7A4F7556}") = "After_Old", "After_Old\After_Old.csproj", "{CF3AB71C-FE19-4B48-8053-711D597FEE72}"
EndProject
Project("{FAE04EC0-301F-11D3-BF4B-00C04F79EFBC}") = "After", "After\After.csproj", "{4E6A4A95-4563-4B95-885C-A597A5CC2778}"
EndProject
Global
	GlobalSection(SolutionConfigurationPlatforms) = preSolution
		Debug|Any CPU = Debug|Any CPU
		Release|Any CPU = Release|Any CPU
	EndGlobalSection
	GlobalSection(ProjectConfigurationPlatforms) = postSolution
		{CF3AB71C-FE19-4B48-8053-711D597FEE72}.Debug|Any CPU.ActiveCfg = Debug|Any CPU
		{CF3AB71C-FE19-4B48-8053-711D597FEE72}.Debug|Any CPU.Build.0 = Debug|Any CPU
		{CF3AB71C-FE19-4B48-8053-711D597FEE72}.Release|Any CPU.ActiveCfg = Release|Any CPU
		{CF3AB71C-FE19-4B48-8053-711D597FEE72}.Release|Any CPU.Build.0 = Release|Any CPU
		{4E6A4A95-4563-4B95-885C-A597A5CC2778}.Debug|Any CPU.ActiveCfg = Debug|Any CPU
		{4E6A4A95-4563-4B95-885C-A597A5CC2778}.Debug|Any CPU.Build.0 = Debug|Any CPU
		{4E6A4A95-4563-4B95-885C-A597A5CC2778}.Release|Any CPU.ActiveCfg = Release|Any CPU
		{4E6A4A95-4563-4B95-885C-A597A5CC2778}.Release|Any CPU.Build.0 = Release|Any CPU
	EndGlobalSection
	GlobalSection(SolutionProperties) = preSolution
		HideSolutionNode = FALSE
	EndGlobalSection
	GlobalSection(ExtensibilityGlobals) = postSolution
		SolutionGuid = {737D02B4-A17D-4AC1-91BF-78868A880C43}
	EndGlobalSection
	GlobalSection(Performance) = preSolution
		HasPerformanceSessions = true
	EndGlobalSection
	GlobalSection(Performance) = preSolution
		HasPerformanceSessions = true
	EndGlobalSection
	GlobalSection(Performance) = preSolution
		HasPerformanceSessions = true
	EndGlobalSection
EndGlobal
